
Microsoft Visual Studio Solution File, Format Version 12.00
# Visual Studio 15
VisualStudioVersion = 15.0.28307.489
MinimumVisualStudioVersion = 10.0.40219.1
Project("{9A19103F-16F7-4668-BE54-9A1E7A4F7556}") = "BuyLowSellHigh", "BuyLowSellHigh\BuyLowSellHigh.csproj", "{CDAD6E2D-D750-4FC7-A8E9-9C1E8CC4C01F}"
EndProject
Project("{FAE04EC0-301F-11D3-BF4B-00C04F79EFBC}") = "BuyLowSellHigh.Tests", "BuyLowSellHigh.Tests\BuyLowSellHigh.Tests.csproj", "{E015A5AC-51D5-4582-8F16-4A8C2D3A9F54}"
EndProject
Global
	GlobalSection(SolutionConfigurationPlatforms) = preSolution
		Debug|Any CPU = Debug|Any CPU
		Release|Any CPU = Release|Any CPU
	EndGlobalSection
	GlobalSection(ProjectConfigurationPlatforms) = postSolution
		{CDAD6E2D-D750-4FC7-A8E9-9C1E8CC4C01F}.Debug|Any CPU.ActiveCfg = Debug|Any CPU
		{CDAD6E2D-D750-4FC7-A8E9-9C1E8CC4C01F}.Debug|Any CPU.Build.0 = Debug|Any CPU
		{CDAD6E2D-D750-4FC7-A8E9-9C1E8CC4C01F}.Release|Any CPU.ActiveCfg = Release|Any CPU
		{CDAD6E2D-D750-4FC7-A8E9-9C1E8CC4C01F}.Release|Any CPU.Build.0 = Release|Any CPU
		{E015A5AC-51D5-4582-8F16-4A8C2D3A9F54}.Debug|Any CPU.ActiveCfg = Debug|Any CPU
		{E015A5AC-51D5-4582-8F16-4A8C2D3A9F54}.Debug|Any CPU.Build.0 = Debug|Any CPU
		{E015A5AC-51D5-4582-8F16-4A8C2D3A9F54}.Release|Any CPU.ActiveCfg = Release|Any CPU
		{E015A5AC-51D5-4582-8F16-4A8C2D3A9F54}.Release|Any CPU.Build.0 = Release|Any CPU
	EndGlobalSection
	GlobalSection(SolutionProperties) = preSolution
		HideSolutionNode = FALSE
	EndGlobalSection
	GlobalSection(ExtensibilityGlobals) = postSolution
		SolutionGuid = {A48B21C9-3304-4950-8086-01C74A9EB7FD}
	EndGlobalSection
EndGlobal
